// !$*UTF8*$!
{
	archiveVersion = 1;
	classes = {
	};
	objectVersion = 70;
	objects = {

/* Begin PBXBuildFile section */
		498961012CF2CE95001F93EE /* FoundApp.swift in Sources */ = {isa = PBXBuildFile; fileRef = 498961002CF2CE95001F93EE /* FoundApp.swift */; };
		498961052CF2CE95001F93EE /* Assets.xcassets in Resources */ = {isa = PBXBuildFile; fileRef = 498961042CF2CE95001F93EE /* Assets.xcassets */; };
		498961092CF2CE95001F93EE /* Preview Assets.xcassets in Resources */ = {isa = PBXBuildFile; fileRef = 498961082CF2CE95001F93EE /* Preview Assets.xcassets */; };
		498961112CF2CEF8001F93EE /* FirebaseAuth in Frameworks */ = {isa = PBXBuildFile; productRef = 498961102CF2CEF8001F93EE /* FirebaseAuth */; };
		498961132CF2CEF8001F93EE /* FirebaseCore in Frameworks */ = {isa = PBXBuildFile; productRef = 498961122CF2CEF8001F93EE /* FirebaseCore */; };
		498961152CF2CEF8001F93EE /* FirebaseDatabase in Frameworks */ = {isa = PBXBuildFile; productRef = 498961142CF2CEF8001F93EE /* FirebaseDatabase */; };
		498961172CF2CEF8001F93EE /* FirebaseFirestore in Frameworks */ = {isa = PBXBuildFile; productRef = 498961162CF2CEF8001F93EE /* FirebaseFirestore */; };
		498961192CF2CEF8001F93EE /* FirebaseFunctions in Frameworks */ = {isa = PBXBuildFile; productRef = 498961182CF2CEF8001F93EE /* FirebaseFunctions */; };
		4989611B2CF2CEF8001F93EE /* FirebaseInAppMessaging-Beta in Frameworks */ = {isa = PBXBuildFile; productRef = 4989611A2CF2CEF8001F93EE /* FirebaseInAppMessaging-Beta */; };
		4989611D2CF2CEF8001F93EE /* FirebaseMessaging in Frameworks */ = {isa = PBXBuildFile; productRef = 4989611C2CF2CEF8001F93EE /* FirebaseMessaging */; };
		4989611F2CF2CEF8001F93EE /* FirebaseStorage in Frameworks */ = {isa = PBXBuildFile; productRef = 4989611E2CF2CEF8001F93EE /* FirebaseStorage */; };
		498961222CF2CF06001F93EE /* GoogleSignIn in Frameworks */ = {isa = PBXBuildFile; productRef = 498961212CF2CF06001F93EE /* GoogleSignIn */; };
		498961242CF2CF06001F93EE /* GoogleSignInSwift in Frameworks */ = {isa = PBXBuildFile; productRef = 498961232CF2CF06001F93EE /* GoogleSignInSwift */; };
		498961272CF2CF4B001F93EE /* AuthView.swift in Sources */ = {isa = PBXBuildFile; fileRef = 498961262CF2CF4B001F93EE /* AuthView.swift */; };
		498961292CF2CF5A001F93EE /* AuthViewModel.swift in Sources */ = {isa = PBXBuildFile; fileRef = 498961282CF2CF5A001F93EE /* AuthViewModel.swift */; };
		4989612B2CF2CF62001F93EE /* AuthService.swift in Sources */ = {isa = PBXBuildFile; fileRef = 4989612A2CF2CF62001F93EE /* AuthService.swift */; };
		4989612D2CF2CF6A001F93EE /* AppState.swift in Sources */ = {isa = PBXBuildFile; fileRef = 4989612C2CF2CF6A001F93EE /* AppState.swift */; };
		498961332CF2D07D001F93EE /* GoogleService-Info.plist in Resources */ = {isa = PBXBuildFile; fileRef = 498961322CF2D07D001F93EE /* GoogleService-Info.plist */; };
		498961392CF2E170001F93EE /* ProfileView.swift in Sources */ = {isa = PBXBuildFile; fileRef = 498961382CF2E170001F93EE /* ProfileView.swift */; };
		4989613B2CF2E1A0001F93EE /* ProfileViewModel.swift in Sources */ = {isa = PBXBuildFile; fileRef = 4989613A2CF2E1A0001F93EE /* ProfileViewModel.swift */; };
		498961412CF2F598001F93EE /* Launch Screen.storyboard in Resources */ = {isa = PBXBuildFile; fileRef = 498961402CF2F598001F93EE /* Launch Screen.storyboard */; };
		498961452CF4091A001F93EE /* SignupView.swift in Sources */ = {isa = PBXBuildFile; fileRef = 498961442CF4091A001F93EE /* SignupView.swift */; };
		498961472CF423F8001F93EE /* Application.swift in Sources */ = {isa = PBXBuildFile; fileRef = 498961462CF423F8001F93EE /* Application.swift */; };
		4989614A2CFB9120001F93EE /* Categories.swift in Sources */ = {isa = PBXBuildFile; fileRef = 498961492CFB9120001F93EE /* Categories.swift */; };
		4989614E2CFB9150001F93EE /* Post.swift in Sources */ = {isa = PBXBuildFile; fileRef = 4989614D2CFB9150001F93EE /* Post.swift */; };
		498961502CFB916A001F93EE /* User.swift in Sources */ = {isa = PBXBuildFile; fileRef = 4989614F2CFB916A001F93EE /* User.swift */; };
		498961532CFB9198001F93EE /* NetworkManager.swift in Sources */ = {isa = PBXBuildFile; fileRef = 498961522CFB9198001F93EE /* NetworkManager.swift */; };
		542946762CFEE5DB00E71477 /* Alamofire in Frameworks */ = {isa = PBXBuildFile; productRef = 542946752CFEE5DB00E71477 /* Alamofire */; };
		54B734D62D0256EF00B13C9C /* PhoneNumberKit in Frameworks */ = {isa = PBXBuildFile; productRef = 54B734D52D0256EF00B13C9C /* PhoneNumberKit */; };
		54B9DEF22CFEB328007E0780 /* UIkit test.swift in Sources */ = {isa = PBXBuildFile; fileRef = 54B9DEF12CFEB324007E0780 /* UIkit test.swift */; };
/* End PBXBuildFile section */

/* Begin PBXFileReference section */
		498960FD2CF2CE95001F93EE /* Found.app */ = {isa = PBXFileReference; explicitFileType = wrapper.application; includeInIndex = 0; path = Found.app; sourceTree = BUILT_PRODUCTS_DIR; };
		498961002CF2CE95001F93EE /* FoundApp.swift */ = {isa = PBXFileReference; lastKnownFileType = sourcecode.swift; path = FoundApp.swift; sourceTree = "<group>"; };
		498961042CF2CE95001F93EE /* Assets.xcassets */ = {isa = PBXFileReference; lastKnownFileType = folder.assetcatalog; path = Assets.xcassets; sourceTree = "<group>"; };
		498961062CF2CE95001F93EE /* Found.entitlements */ = {isa = PBXFileReference; lastKnownFileType = text.plist.entitlements; path = Found.entitlements; sourceTree = "<group>"; };
		498961082CF2CE95001F93EE /* Preview Assets.xcassets */ = {isa = PBXFileReference; lastKnownFileType = folder.assetcatalog; path = "Preview Assets.xcassets"; sourceTree = "<group>"; };
		498961262CF2CF4B001F93EE /* AuthView.swift */ = {isa = PBXFileReference; lastKnownFileType = sourcecode.swift; path = AuthView.swift; sourceTree = "<group>"; };
		498961282CF2CF5A001F93EE /* AuthViewModel.swift */ = {isa = PBXFileReference; lastKnownFileType = sourcecode.swift; path = AuthViewModel.swift; sourceTree = "<group>"; };
		4989612A2CF2CF62001F93EE /* AuthService.swift */ = {isa = PBXFileReference; lastKnownFileType = sourcecode.swift; path = AuthService.swift; sourceTree = "<group>"; };
		4989612C2CF2CF6A001F93EE /* AppState.swift */ = {isa = PBXFileReference; lastKnownFileType = sourcecode.swift; path = AppState.swift; sourceTree = "<group>"; };
		498961322CF2D07D001F93EE /* GoogleService-Info.plist */ = {isa = PBXFileReference; fileEncoding = 4; lastKnownFileType = text.plist.xml; path = "GoogleService-Info.plist"; sourceTree = "<group>"; };
		498961342CF2D39A001F93EE /* Info.plist */ = {isa = PBXFileReference; lastKnownFileType = text.plist; path = Info.plist; sourceTree = "<group>"; };
		498961382CF2E170001F93EE /* ProfileView.swift */ = {isa = PBXFileReference; lastKnownFileType = sourcecode.swift; path = ProfileView.swift; sourceTree = "<group>"; };
		4989613A2CF2E1A0001F93EE /* ProfileViewModel.swift */ = {isa = PBXFileReference; lastKnownFileType = sourcecode.swift; path = ProfileViewModel.swift; sourceTree = "<group>"; };
		498961402CF2F598001F93EE /* Launch Screen.storyboard */ = {isa = PBXFileReference; lastKnownFileType = file.storyboard; path = "Launch Screen.storyboard"; sourceTree = "<group>"; };
		498961442CF4091A001F93EE /* SignupView.swift */ = {isa = PBXFileReference; lastKnownFileType = sourcecode.swift; path = SignupView.swift; sourceTree = "<group>"; };
		498961462CF423F8001F93EE /* Application.swift */ = {isa = PBXFileReference; lastKnownFileType = sourcecode.swift; path = Application.swift; sourceTree = "<group>"; };
		498961492CFB9120001F93EE /* Categories.swift */ = {isa = PBXFileReference; lastKnownFileType = sourcecode.swift; path = Categories.swift; sourceTree = "<group>"; };
		4989614D2CFB9150001F93EE /* Post.swift */ = {isa = PBXFileReference; lastKnownFileType = sourcecode.swift; path = Post.swift; sourceTree = "<group>"; };
		4989614F2CFB916A001F93EE /* User.swift */ = {isa = PBXFileReference; lastKnownFileType = sourcecode.swift; path = User.swift; sourceTree = "<group>"; };
		498961522CFB9198001F93EE /* NetworkManager.swift */ = {isa = PBXFileReference; lastKnownFileType = sourcecode.swift; path = NetworkManager.swift; sourceTree = "<group>"; };
		54B9DEF12CFEB324007E0780 /* UIkit test.swift */ = {isa = PBXFileReference; lastKnownFileType = sourcecode.swift; path = "UIkit test.swift"; sourceTree = "<group>"; };
/* End PBXFileReference section */

/* Begin PBXFileSystemSynchronizedRootGroup section */
		5434E90F2D012491000EDED9 /* Views */ = {isa = PBXFileSystemSynchronizedRootGroup; explicitFileTypes = {}; explicitFolders = (); path = Views; sourceTree = "<group>"; };
/* End PBXFileSystemSynchronizedRootGroup section */

/* Begin PBXFrameworksBuildPhase section */
		498960FA2CF2CE95001F93EE /* Frameworks */ = {
			isa = PBXFrameworksBuildPhase;
			buildActionMask = 2147483647;
			files = (
				498961152CF2CEF8001F93EE /* FirebaseDatabase in Frameworks */,
				498961172CF2CEF8001F93EE /* FirebaseFirestore in Frameworks */,
				4989611D2CF2CEF8001F93EE /* FirebaseMessaging in Frameworks */,
				498961192CF2CEF8001F93EE /* FirebaseFunctions in Frameworks */,
				498961132CF2CEF8001F93EE /* FirebaseCore in Frameworks */,
				542946762CFEE5DB00E71477 /* Alamofire in Frameworks */,
				498961242CF2CF06001F93EE /* GoogleSignInSwift in Frameworks */,
				4989611F2CF2CEF8001F93EE /* FirebaseStorage in Frameworks */,
				498961112CF2CEF8001F93EE /* FirebaseAuth in Frameworks */,
				54B734D62D0256EF00B13C9C /* PhoneNumberKit in Frameworks */,
				4989611B2CF2CEF8001F93EE /* FirebaseInAppMessaging-Beta in Frameworks */,
				498961222CF2CF06001F93EE /* GoogleSignIn in Frameworks */,
			);
			runOnlyForDeploymentPostprocessing = 0;
		};
/* End PBXFrameworksBuildPhase section */

/* Begin PBXGroup section */
		498960F42CF2CE95001F93EE = {
			isa = PBXGroup;
			children = (
				498960FF2CF2CE95001F93EE /* Found */,
				498960FE2CF2CE95001F93EE /* Products */,
			);
			sourceTree = "<group>";
		};
		498960FE2CF2CE95001F93EE /* Products */ = {
			isa = PBXGroup;
			children = (
				498960FD2CF2CE95001F93EE /* Found.app */,
			);
			name = Products;
			sourceTree = "<group>";
		};
		498960FF2CF2CE95001F93EE /* Found */ = {
			isa = PBXGroup;
			children = (
				54B9DEF12CFEB324007E0780 /* UIkit test.swift */,
				498961342CF2D39A001F93EE /* Info.plist */,
				498961002CF2CE95001F93EE /* FoundApp.swift */,
				4989612C2CF2CF6A001F93EE /* AppState.swift */,
				5434E90F2D012491000EDED9 /* Views */,
				498961252CF2CF3D001F93EE /* Authentication */,
				498961372CF2E15C001F93EE /* Profile */,
				498961482CFB9102001F93EE /* Models */,
				498961512CFB917E001F93EE /* Networking */,
				498961042CF2CE95001F93EE /* Assets.xcassets */,
				498961402CF2F598001F93EE /* Launch Screen.storyboard */,
				498961062CF2CE95001F93EE /* Found.entitlements */,
				498961322CF2D07D001F93EE /* GoogleService-Info.plist */,
				498961072CF2CE95001F93EE /* Preview Content */,
			);
			path = Found;
			sourceTree = "<group>";
		};
		498961072CF2CE95001F93EE /* Preview Content */ = {
			isa = PBXGroup;
			children = (
				498961082CF2CE95001F93EE /* Preview Assets.xcassets */,
			);
			path = "Preview Content";
			sourceTree = "<group>";
		};
		498961252CF2CF3D001F93EE /* Authentication */ = {
			isa = PBXGroup;
			children = (
				498961262CF2CF4B001F93EE /* AuthView.swift */,
				498961442CF4091A001F93EE /* SignupView.swift */,
				498961282CF2CF5A001F93EE /* AuthViewModel.swift */,
				4989612A2CF2CF62001F93EE /* AuthService.swift */,
				498961462CF423F8001F93EE /* Application.swift */,
			);
			path = Authentication;
			sourceTree = "<group>";
		};
		498961372CF2E15C001F93EE /* Profile */ = {
			isa = PBXGroup;
			children = (
				498961382CF2E170001F93EE /* ProfileView.swift */,
				4989613A2CF2E1A0001F93EE /* ProfileViewModel.swift */,
			);
			path = Profile;
			sourceTree = "<group>";
		};
		498961482CFB9102001F93EE /* Models */ = {
			isa = PBXGroup;
			children = (
				498961492CFB9120001F93EE /* Categories.swift */,
				4989614D2CFB9150001F93EE /* Post.swift */,
				4989614F2CFB916A001F93EE /* User.swift */,
			);
			path = Models;
			sourceTree = "<group>";
		};
		498961512CFB917E001F93EE /* Networking */ = {
			isa = PBXGroup;
			children = (
				498961522CFB9198001F93EE /* NetworkManager.swift */,
			);
			path = Networking;
			sourceTree = "<group>";
		};
/* End PBXGroup section */

/* Begin PBXNativeTarget section */
		498960FC2CF2CE95001F93EE /* Found */ = {
			isa = PBXNativeTarget;
			buildConfigurationList = 4989610C2CF2CE95001F93EE /* Build configuration list for PBXNativeTarget "Found" */;
			buildPhases = (
				498960F92CF2CE95001F93EE /* Sources */,
				498960FA2CF2CE95001F93EE /* Frameworks */,
				498960FB2CF2CE95001F93EE /* Resources */,
			);
			buildRules = (
			);
			dependencies = (
			);
			fileSystemSynchronizedGroups = (
				5434E90F2D012491000EDED9 /* Views */,
			);
			name = Found;
			packageProductDependencies = (
				498961102CF2CEF8001F93EE /* FirebaseAuth */,
				498961122CF2CEF8001F93EE /* FirebaseCore */,
				498961142CF2CEF8001F93EE /* FirebaseDatabase */,
				498961162CF2CEF8001F93EE /* FirebaseFirestore */,
				498961182CF2CEF8001F93EE /* FirebaseFunctions */,
				4989611A2CF2CEF8001F93EE /* FirebaseInAppMessaging-Beta */,
				4989611C2CF2CEF8001F93EE /* FirebaseMessaging */,
				4989611E2CF2CEF8001F93EE /* FirebaseStorage */,
				498961212CF2CF06001F93EE /* GoogleSignIn */,
				498961232CF2CF06001F93EE /* GoogleSignInSwift */,
				542946752CFEE5DB00E71477 /* Alamofire */,
				54B734D52D0256EF00B13C9C /* PhoneNumberKit */,
			);
			productName = Found;
			productReference = 498960FD2CF2CE95001F93EE /* Found.app */;
			productType = "com.apple.product-type.application";
		};
/* End PBXNativeTarget section */

/* Begin PBXProject section */
		498960F52CF2CE95001F93EE /* Project object */ = {
			isa = PBXProject;
			attributes = {
				BuildIndependentTargetsInParallel = 1;
				LastSwiftUpdateCheck = 1540;
				LastUpgradeCheck = 1540;
				TargetAttributes = {
					498960FC2CF2CE95001F93EE = {
						CreatedOnToolsVersion = 15.4;
					};
				};
			};
			buildConfigurationList = 498960F82CF2CE95001F93EE /* Build configuration list for PBXProject "Found" */;
			compatibilityVersion = "Xcode 14.0";
			developmentRegion = en;
			hasScannedForEncodings = 0;
			knownRegions = (
				en,
				Base,
			);
			mainGroup = 498960F42CF2CE95001F93EE;
			packageReferences = (
				4989610F2CF2CEF8001F93EE /* XCRemoteSwiftPackageReference "firebase-ios-sdk" */,
				498961202CF2CF06001F93EE /* XCRemoteSwiftPackageReference "GoogleSignIn-iOS" */,
				542946742CFEE5DB00E71477 /* XCRemoteSwiftPackageReference "Alamofire" */,
				54B734D42D0256EF00B13C9C /* XCRemoteSwiftPackageReference "PhoneNumberKit" */,
			);
			productRefGroup = 498960FE2CF2CE95001F93EE /* Products */;
			projectDirPath = "";
			projectRoot = "";
			targets = (
				498960FC2CF2CE95001F93EE /* Found */,
			);
		};
/* End PBXProject section */

/* Begin PBXResourcesBuildPhase section */
		498960FB2CF2CE95001F93EE /* Resources */ = {
			isa = PBXResourcesBuildPhase;
			buildActionMask = 2147483647;
			files = (
				498961092CF2CE95001F93EE /* Preview Assets.xcassets in Resources */,
				498961332CF2D07D001F93EE /* GoogleService-Info.plist in Resources */,
				498961412CF2F598001F93EE /* Launch Screen.storyboard in Resources */,
				498961052CF2CE95001F93EE /* Assets.xcassets in Resources */,
			);
			runOnlyForDeploymentPostprocessing = 0;
		};
/* End PBXResourcesBuildPhase section */

/* Begin PBXSourcesBuildPhase section */
		498960F92CF2CE95001F93EE /* Sources */ = {
			isa = PBXSourcesBuildPhase;
			buildActionMask = 2147483647;
			files = (
				498961472CF423F8001F93EE /* Application.swift in Sources */,
				54B9DEF22CFEB328007E0780 /* UIkit test.swift in Sources */,
				498961292CF2CF5A001F93EE /* AuthViewModel.swift in Sources */,
				498961532CFB9198001F93EE /* NetworkManager.swift in Sources */,
				4989612B2CF2CF62001F93EE /* AuthService.swift in Sources */,
				4989614E2CFB9150001F93EE /* Post.swift in Sources */,
				4989612D2CF2CF6A001F93EE /* AppState.swift in Sources */,
				498961502CFB916A001F93EE /* User.swift in Sources */,
				498961012CF2CE95001F93EE /* FoundApp.swift in Sources */,
				498961392CF2E170001F93EE /* ProfileView.swift in Sources */,
				4989613B2CF2E1A0001F93EE /* ProfileViewModel.swift in Sources */,
				498961452CF4091A001F93EE /* SignupView.swift in Sources */,
				498961272CF2CF4B001F93EE /* AuthView.swift in Sources */,
				4989614A2CFB9120001F93EE /* Categories.swift in Sources */,
			);
			runOnlyForDeploymentPostprocessing = 0;
		};
/* End PBXSourcesBuildPhase section */

/* Begin XCBuildConfiguration section */
		4989610A2CF2CE95001F93EE /* Debug */ = {
			isa = XCBuildConfiguration;
			buildSettings = {
				ALWAYS_SEARCH_USER_PATHS = NO;
				ASSETCATALOG_COMPILER_GENERATE_SWIFT_ASSET_SYMBOL_EXTENSIONS = YES;
				CLANG_ANALYZER_NONNULL = YES;
				CLANG_ANALYZER_NUMBER_OBJECT_CONVERSION = YES_AGGRESSIVE;
				CLANG_CXX_LANGUAGE_STANDARD = "gnu++20";
				CLANG_ENABLE_MODULES = YES;
				CLANG_ENABLE_OBJC_ARC = YES;
				CLANG_ENABLE_OBJC_WEAK = YES;
				CLANG_WARN_BLOCK_CAPTURE_AUTORELEASING = YES;
				CLANG_WARN_BOOL_CONVERSION = YES;
				CLANG_WARN_COMMA = YES;
				CLANG_WARN_CONSTANT_CONVERSION = YES;
				CLANG_WARN_DEPRECATED_OBJC_IMPLEMENTATIONS = YES;
				CLANG_WARN_DIRECT_OBJC_ISA_USAGE = YES_ERROR;
				CLANG_WARN_DOCUMENTATION_COMMENTS = YES;
				CLANG_WARN_EMPTY_BODY = YES;
				CLANG_WARN_ENUM_CONVERSION = YES;
				CLANG_WARN_INFINITE_RECURSION = YES;
				CLANG_WARN_INT_CONVERSION = YES;
				CLANG_WARN_NON_LITERAL_NULL_CONVERSION = YES;
				CLANG_WARN_OBJC_IMPLICIT_RETAIN_SELF = YES;
				CLANG_WARN_OBJC_LITERAL_CONVERSION = YES;
				CLANG_WARN_OBJC_ROOT_CLASS = YES_ERROR;
				CLANG_WARN_QUOTED_INCLUDE_IN_FRAMEWORK_HEADER = YES;
				CLANG_WARN_RANGE_LOOP_ANALYSIS = YES;
				CLANG_WARN_STRICT_PROTOTYPES = YES;
				CLANG_WARN_SUSPICIOUS_MOVE = YES;
				CLANG_WARN_UNGUARDED_AVAILABILITY = YES_AGGRESSIVE;
				CLANG_WARN_UNREACHABLE_CODE = YES;
				CLANG_WARN__DUPLICATE_METHOD_MATCH = YES;
				COPY_PHASE_STRIP = NO;
				DEBUG_INFORMATION_FORMAT = dwarf;
				ENABLE_STRICT_OBJC_MSGSEND = YES;
				ENABLE_TESTABILITY = YES;
				ENABLE_USER_SCRIPT_SANDBOXING = YES;
				GCC_C_LANGUAGE_STANDARD = gnu17;
				GCC_DYNAMIC_NO_PIC = NO;
				GCC_NO_COMMON_BLOCKS = YES;
				GCC_OPTIMIZATION_LEVEL = 0;
				GCC_PREPROCESSOR_DEFINITIONS = (
					"DEBUG=1",
					"$(inherited)",
				);
				GCC_WARN_64_TO_32_BIT_CONVERSION = YES;
				GCC_WARN_ABOUT_RETURN_TYPE = YES_ERROR;
				GCC_WARN_UNDECLARED_SELECTOR = YES;
				GCC_WARN_UNINITIALIZED_AUTOS = YES_AGGRESSIVE;
				GCC_WARN_UNUSED_FUNCTION = YES;
				GCC_WARN_UNUSED_VARIABLE = YES;
				LOCALIZATION_PREFERS_STRING_CATALOGS = YES;
				MTL_ENABLE_DEBUG_INFO = INCLUDE_SOURCE;
				MTL_FAST_MATH = YES;
				ONLY_ACTIVE_ARCH = YES;
				SWIFT_ACTIVE_COMPILATION_CONDITIONS = "DEBUG $(inherited)";
				SWIFT_OPTIMIZATION_LEVEL = "-Onone";
			};
			name = Debug;
		};
		4989610B2CF2CE95001F93EE /* Release */ = {
			isa = XCBuildConfiguration;
			buildSettings = {
				ALWAYS_SEARCH_USER_PATHS = NO;
				ASSETCATALOG_COMPILER_GENERATE_SWIFT_ASSET_SYMBOL_EXTENSIONS = YES;
				CLANG_ANALYZER_NONNULL = YES;
				CLANG_ANALYZER_NUMBER_OBJECT_CONVERSION = YES_AGGRESSIVE;
				CLANG_CXX_LANGUAGE_STANDARD = "gnu++20";
				CLANG_ENABLE_MODULES = YES;
				CLANG_ENABLE_OBJC_ARC = YES;
				CLANG_ENABLE_OBJC_WEAK = YES;
				CLANG_WARN_BLOCK_CAPTURE_AUTORELEASING = YES;
				CLANG_WARN_BOOL_CONVERSION = YES;
				CLANG_WARN_COMMA = YES;
				CLANG_WARN_CONSTANT_CONVERSION = YES;
				CLANG_WARN_DEPRECATED_OBJC_IMPLEMENTATIONS = YES;
				CLANG_WARN_DIRECT_OBJC_ISA_USAGE = YES_ERROR;
				CLANG_WARN_DOCUMENTATION_COMMENTS = YES;
				CLANG_WARN_EMPTY_BODY = YES;
				CLANG_WARN_ENUM_CONVERSION = YES;
				CLANG_WARN_INFINITE_RECURSION = YES;
				CLANG_WARN_INT_CONVERSION = YES;
				CLANG_WARN_NON_LITERAL_NULL_CONVERSION = YES;
				CLANG_WARN_OBJC_IMPLICIT_RETAIN_SELF = YES;
				CLANG_WARN_OBJC_LITERAL_CONVERSION = YES;
				CLANG_WARN_OBJC_ROOT_CLASS = YES_ERROR;
				CLANG_WARN_QUOTED_INCLUDE_IN_FRAMEWORK_HEADER = YES;
				CLANG_WARN_RANGE_LOOP_ANALYSIS = YES;
				CLANG_WARN_STRICT_PROTOTYPES = YES;
				CLANG_WARN_SUSPICIOUS_MOVE = YES;
				CLANG_WARN_UNGUARDED_AVAILABILITY = YES_AGGRESSIVE;
				CLANG_WARN_UNREACHABLE_CODE = YES;
				CLANG_WARN__DUPLICATE_METHOD_MATCH = YES;
				COPY_PHASE_STRIP = NO;
				DEBUG_INFORMATION_FORMAT = "dwarf-with-dsym";
				ENABLE_NS_ASSERTIONS = NO;
				ENABLE_STRICT_OBJC_MSGSEND = YES;
				ENABLE_USER_SCRIPT_SANDBOXING = YES;
				GCC_C_LANGUAGE_STANDARD = gnu17;
				GCC_NO_COMMON_BLOCKS = YES;
				GCC_WARN_64_TO_32_BIT_CONVERSION = YES;
				GCC_WARN_ABOUT_RETURN_TYPE = YES_ERROR;
				GCC_WARN_UNDECLARED_SELECTOR = YES;
				GCC_WARN_UNINITIALIZED_AUTOS = YES_AGGRESSIVE;
				GCC_WARN_UNUSED_FUNCTION = YES;
				GCC_WARN_UNUSED_VARIABLE = YES;
				LOCALIZATION_PREFERS_STRING_CATALOGS = YES;
				MTL_ENABLE_DEBUG_INFO = NO;
				MTL_FAST_MATH = YES;
				SWIFT_COMPILATION_MODE = wholemodule;
			};
			name = Release;
		};
		4989610D2CF2CE95001F93EE /* Debug */ = {
			isa = XCBuildConfiguration;
			buildSettings = {
				ASSETCATALOG_COMPILER_APPICON_NAME = AppIcon;
				ASSETCATALOG_COMPILER_GLOBAL_ACCENT_COLOR_NAME = AccentColor;
				CODE_SIGN_ENTITLEMENTS = Found/Found.entitlements;
				CODE_SIGN_STYLE = Automatic;
				CURRENT_PROJECT_VERSION = 1;
				DEVELOPMENT_ASSET_PATHS = "\"Found/Preview Content\"";
				DEVELOPMENT_TEAM = 24HFUZJ6RB;
				ENABLE_HARDENED_RUNTIME = YES;
				ENABLE_PREVIEWS = YES;
				GENERATE_INFOPLIST_FILE = YES;
				INFOPLIST_FILE = Found/Info.plist;
				"INFOPLIST_KEY_UIApplicationSceneManifest_Generation[sdk=iphoneos*]" = YES;
				"INFOPLIST_KEY_UIApplicationSceneManifest_Generation[sdk=iphonesimulator*]" = YES;
				"INFOPLIST_KEY_UIApplicationSupportsIndirectInputEvents[sdk=iphoneos*]" = YES;
				"INFOPLIST_KEY_UIApplicationSupportsIndirectInputEvents[sdk=iphonesimulator*]" = YES;
				"INFOPLIST_KEY_UILaunchScreen_Generation[sdk=iphoneos*]" = YES;
				"INFOPLIST_KEY_UILaunchScreen_Generation[sdk=iphonesimulator*]" = YES;
				INFOPLIST_KEY_UILaunchStoryboardName = "Launch Screen.storyboard";
				"INFOPLIST_KEY_UIStatusBarStyle[sdk=iphoneos*]" = UIStatusBarStyleDefault;
				"INFOPLIST_KEY_UIStatusBarStyle[sdk=iphonesimulator*]" = UIStatusBarStyleDefault;
				INFOPLIST_KEY_UISupportedInterfaceOrientations_iPad = "UIInterfaceOrientationPortrait UIInterfaceOrientationPortraitUpsideDown UIInterfaceOrientationLandscapeLeft UIInterfaceOrientationLandscapeRight";
				INFOPLIST_KEY_UISupportedInterfaceOrientations_iPhone = "UIInterfaceOrientationPortrait UIInterfaceOrientationLandscapeLeft UIInterfaceOrientationLandscapeRight";
				IPHONEOS_DEPLOYMENT_TARGET = 17.5;
				LD_RUNPATH_SEARCH_PATHS = "@executable_path/Frameworks";
				"LD_RUNPATH_SEARCH_PATHS[sdk=macosx*]" = "@executable_path/../Frameworks";
				MACOSX_DEPLOYMENT_TARGET = 14.4;
				MARKETING_VERSION = 1.0;
				PRODUCT_BUNDLE_IDENTIFIER = chelseashe.com.Found;
				PRODUCT_NAME = "$(TARGET_NAME)";
				SDKROOT = auto;
				SUPPORTED_PLATFORMS = "iphoneos iphonesimulator macosx";
				SWIFT_EMIT_LOC_STRINGS = YES;
				SWIFT_VERSION = 5.0;
				TARGETED_DEVICE_FAMILY = "1,2";
			};
			name = Debug;
		};
		4989610E2CF2CE95001F93EE /* Release */ = {
			isa = XCBuildConfiguration;
			buildSettings = {
				ASSETCATALOG_COMPILER_APPICON_NAME = AppIcon;
				ASSETCATALOG_COMPILER_GLOBAL_ACCENT_COLOR_NAME = AccentColor;
				CODE_SIGN_ENTITLEMENTS = Found/Found.entitlements;
				CODE_SIGN_STYLE = Automatic;
				CURRENT_PROJECT_VERSION = 1;
				DEVELOPMENT_ASSET_PATHS = "\"Found/Preview Content\"";
				DEVELOPMENT_TEAM = 24HFUZJ6RB;
				ENABLE_HARDENED_RUNTIME = YES;
				ENABLE_PREVIEWS = YES;
				GENERATE_INFOPLIST_FILE = YES;
				INFOPLIST_FILE = Found/Info.plist;
				"INFOPLIST_KEY_UIApplicationSceneManifest_Generation[sdk=iphoneos*]" = YES;
				"INFOPLIST_KEY_UIApplicationSceneManifest_Generation[sdk=iphonesimulator*]" = YES;
				"INFOPLIST_KEY_UIApplicationSupportsIndirectInputEvents[sdk=iphoneos*]" = YES;
				"INFOPLIST_KEY_UIApplicationSupportsIndirectInputEvents[sdk=iphonesimulator*]" = YES;
				"INFOPLIST_KEY_UILaunchScreen_Generation[sdk=iphoneos*]" = YES;
				"INFOPLIST_KEY_UILaunchScreen_Generation[sdk=iphonesimulator*]" = YES;
				INFOPLIST_KEY_UILaunchStoryboardName = "Launch Screen.storyboard";
				"INFOPLIST_KEY_UIStatusBarStyle[sdk=iphoneos*]" = UIStatusBarStyleDefault;
				"INFOPLIST_KEY_UIStatusBarStyle[sdk=iphonesimulator*]" = UIStatusBarStyleDefault;
				INFOPLIST_KEY_UISupportedInterfaceOrientations_iPad = "UIInterfaceOrientationPortrait UIInterfaceOrientationPortraitUpsideDown UIInterfaceOrientationLandscapeLeft UIInterfaceOrientationLandscapeRight";
				INFOPLIST_KEY_UISupportedInterfaceOrientations_iPhone = "UIInterfaceOrientationPortrait UIInterfaceOrientationLandscapeLeft UIInterfaceOrientationLandscapeRight";
				IPHONEOS_DEPLOYMENT_TARGET = 17.5;
				LD_RUNPATH_SEARCH_PATHS = "@executable_path/Frameworks";
				"LD_RUNPATH_SEARCH_PATHS[sdk=macosx*]" = "@executable_path/../Frameworks";
				MACOSX_DEPLOYMENT_TARGET = 14.4;
				MARKETING_VERSION = 1.0;
				PRODUCT_BUNDLE_IDENTIFIER = chelseashe.com.Found;
				PRODUCT_NAME = "$(TARGET_NAME)";
				SDKROOT = auto;
				SUPPORTED_PLATFORMS = "iphoneos iphonesimulator macosx";
				SWIFT_EMIT_LOC_STRINGS = YES;
				SWIFT_VERSION = 5.0;
				TARGETED_DEVICE_FAMILY = "1,2";
			};
			name = Release;
		};
/* End XCBuildConfiguration section */

/* Begin XCConfigurationList section */
		498960F82CF2CE95001F93EE /* Build configuration list for PBXProject "Found" */ = {
			isa = XCConfigurationList;
			buildConfigurations = (
				4989610A2CF2CE95001F93EE /* Debug */,
				4989610B2CF2CE95001F93EE /* Release */,
			);
			defaultConfigurationIsVisible = 0;
			defaultConfigurationName = Release;
		};
		4989610C2CF2CE95001F93EE /* Build configuration list for PBXNativeTarget "Found" */ = {
			isa = XCConfigurationList;
			buildConfigurations = (
				4989610D2CF2CE95001F93EE /* Debug */,
				4989610E2CF2CE95001F93EE /* Release */,
			);
			defaultConfigurationIsVisible = 0;
			defaultConfigurationName = Release;
		};
/* End XCConfigurationList section */

/* Begin XCRemoteSwiftPackageReference section */
		4989610F2CF2CEF8001F93EE /* XCRemoteSwiftPackageReference "firebase-ios-sdk" */ = {
			isa = XCRemoteSwiftPackageReference;
			repositoryURL = "https://github.com/firebase/firebase-ios-sdk.git";
			requirement = {
				kind = upToNextMajorVersion;
				minimumVersion = 11.5.0;
			};
		};
		498961202CF2CF06001F93EE /* XCRemoteSwiftPackageReference "GoogleSignIn-iOS" */ = {
			isa = XCRemoteSwiftPackageReference;
			repositoryURL = "https://github.com/google/GoogleSignIn-iOS.git";
			requirement = {
				kind = upToNextMajorVersion;
				minimumVersion = 8.0.0;
			};
		};
		542946742CFEE5DB00E71477 /* XCRemoteSwiftPackageReference "Alamofire" */ = {
			isa = XCRemoteSwiftPackageReference;
			repositoryURL = "https://github.com/Alamofire/Alamofire";
			requirement = {
				kind = upToNextMajorVersion;
				minimumVersion = 5.10.2;
			};
		};
		54B734D42D0256EF00B13C9C /* XCRemoteSwiftPackageReference "PhoneNumberKit" */ = {
			isa = XCRemoteSwiftPackageReference;
			repositoryURL = "https://github.com/marmelroy/PhoneNumberKit";
			requirement = {
				kind = upToNextMajorVersion;
				minimumVersion = 4.0.1;
			};
		};
/* End XCRemoteSwiftPackageReference section */

/* Begin XCSwiftPackageProductDependency section */
		498961102CF2CEF8001F93EE /* FirebaseAuth */ = {
			isa = XCSwiftPackageProductDependency;
			package = 4989610F2CF2CEF8001F93EE /* XCRemoteSwiftPackageReference "firebase-ios-sdk" */;
			productName = FirebaseAuth;
		};
		498961122CF2CEF8001F93EE /* FirebaseCore */ = {
			isa = XCSwiftPackageProductDependency;
			package = 4989610F2CF2CEF8001F93EE /* XCRemoteSwiftPackageReference "firebase-ios-sdk" */;
			productName = FirebaseCore;
		};
		498961142CF2CEF8001F93EE /* FirebaseDatabase */ = {
			isa = XCSwiftPackageProductDependency;
			package = 4989610F2CF2CEF8001F93EE /* XCRemoteSwiftPackageReference "firebase-ios-sdk" */;
			productName = FirebaseDatabase;
		};
		498961162CF2CEF8001F93EE /* FirebaseFirestore */ = {
			isa = XCSwiftPackageProductDependency;
			package = 4989610F2CF2CEF8001F93EE /* XCRemoteSwiftPackageReference "firebase-ios-sdk" */;
			productName = FirebaseFirestore;
		};
		498961182CF2CEF8001F93EE /* FirebaseFunctions */ = {
			isa = XCSwiftPackageProductDependency;
			package = 4989610F2CF2CEF8001F93EE /* XCRemoteSwiftPackageReference "firebase-ios-sdk" */;
			productName = FirebaseFunctions;
		};
		4989611A2CF2CEF8001F93EE /* FirebaseInAppMessaging-Beta */ = {
			isa = XCSwiftPackageProductDependency;
			package = 4989610F2CF2CEF8001F93EE /* XCRemoteSwiftPackageReference "firebase-ios-sdk" */;
			productName = "FirebaseInAppMessaging-Beta";
		};
		4989611C2CF2CEF8001F93EE /* FirebaseMessaging */ = {
			isa = XCSwiftPackageProductDependency;
			package = 4989610F2CF2CEF8001F93EE /* XCRemoteSwiftPackageReference "firebase-ios-sdk" */;
			productName = FirebaseMessaging;
		};
		4989611E2CF2CEF8001F93EE /* FirebaseStorage */ = {
			isa = XCSwiftPackageProductDependency;
			package = 4989610F2CF2CEF8001F93EE /* XCRemoteSwiftPackageReference "firebase-ios-sdk" */;
			productName = FirebaseStorage;
		};
		498961212CF2CF06001F93EE /* GoogleSignIn */ = {
			isa = XCSwiftPackageProductDependency;
			package = 498961202CF2CF06001F93EE /* XCRemoteSwiftPackageReference "GoogleSignIn-iOS" */;
			productName = GoogleSignIn;
		};
		498961232CF2CF06001F93EE /* GoogleSignInSwift */ = {
			isa = XCSwiftPackageProductDependency;
			package = 498961202CF2CF06001F93EE /* XCRemoteSwiftPackageReference "GoogleSignIn-iOS" */;
			productName = GoogleSignInSwift;
		};
		542946752CFEE5DB00E71477 /* Alamofire */ = {
			isa = XCSwiftPackageProductDependency;
			package = 542946742CFEE5DB00E71477 /* XCRemoteSwiftPackageReference "Alamofire" */;
			productName = Alamofire;
		};
		54B734D52D0256EF00B13C9C /* PhoneNumberKit */ = {
			isa = XCSwiftPackageProductDependency;
			package = 54B734D42D0256EF00B13C9C /* XCRemoteSwiftPackageReference "PhoneNumberKit" */;
			productName = PhoneNumberKit;
		};
/* End XCSwiftPackageProductDependency section */
	};
	rootObject = 498960F52CF2CE95001F93EE /* Project object */;
}
